<?xml version="1.0" encoding="utf-8"?>
<Project ToolsVersion="4.0" xmlns="http://schemas.microsoft.com/developer/msbuild/2003">
  <ItemGroup>
    <Filter Include="Makena">
      <UniqueIdentifier>{D2EE93C2-BE90-BE98-A74B-D2EC938C45E9}</UniqueIdentifier>
    </Filter>
    <Filter Include="Makena\Events">
      <UniqueIdentifier>{767A928C-E23A-0EC3-AB75-574017F5529F}</UniqueIdentifier>
    </Filter>
    <Filter Include="Makena\ImGui">
      <UniqueIdentifier>{7CB99C61-681C-2C06-11A2-64BCFDE3F788}</UniqueIdentifier>
    </Filter>
    <Filter Include="Platform">
      <UniqueIdentifier>{2AC788B4-1694-E3BF-3FAD-D1672BD9184E}</UniqueIdentifier>
    </Filter>
    <Filter Include="Platform\OpenGL">
      <UniqueIdentifier>{1E7D2C1D-8A08-9AE1-9319-1DD6FF23F6E1}</UniqueIdentifier>
    </Filter>
    <Filter Include="Platform\Windows">
      <UniqueIdentifier>{64FBD71A-50F4-F66C-7926-DCF1657ED678}</UniqueIdentifier>
    </Filter>
  </ItemGroup>
  <ItemGroup>
    <ClInclude Include="src\Makena.h" />
    <ClInclude Include="src\Makena\Application.h">
      <Filter>Makena</Filter>
    </ClInclude>
    <ClInclude Include="src\Makena\Core.h">
      <Filter>Makena</Filter>
    </ClInclude>
    <ClInclude Include="src\Makena\EntryPoint.h">
      <Filter>Makena</Filter>
    </ClInclude>
    <ClInclude Include="src\Makena\Events\ApplicationEvent.h">
      <Filter>Makena\Events</Filter>
    </ClInclude>
    <ClInclude Include="src\Makena\Events\Event.h">
      <Filter>Makena\Events</Filter>
    </ClInclude>
    <ClInclude Include="src\Makena\Events\KeyEvent.h">
      <Filter>Makena\Events</Filter>
    </ClInclude>
    <ClInclude Include="src\Makena\Events\MouseEvent.h">
      <Filter>Makena\Events</Filter>
    </ClInclude>
    <ClInclude Include="src\Makena\ImGui\ImGuiLayer.h">
      <Filter>Makena\ImGui</Filter>
    </ClInclude>
    <ClInclude Include="src\Makena\Layer.h">
      <Filter>Makena</Filter>
    </ClInclude>
    <ClInclude Include="src\Makena\LayerStack.h">
      <Filter>Makena</Filter>
    </ClInclude>
    <ClInclude Include="src\Makena\Log.h">
      <Filter>Makena</Filter>
    </ClInclude>
    <ClInclude Include="src\Makena\Window.h">
      <Filter>Makena</Filter>
    </ClInclude>
    <ClInclude Include="src\Platform\OpenGL\ImGuiOpenGLRenderer.h">
      <Filter>Platform\OpenGL</Filter>
    </ClInclude>
    <ClInclude Include="src\Platform\Windows\WindowsWindow.h">
      <Filter>Platform\Windows</Filter>
    </ClInclude>
    <ClInclude Include="src\mknpch.h" />
    <ClInclude Include="src\Makena\Input.h" />
    <ClInclude Include="src\Platform\Windows\WindowsInput.h" />
    <ClInclude Include="src\Makena\KeyCodes.h" />
    <ClInclude Include="src\Makena\MouseButtonCodes.h" />
  </ItemGroup>
  <ItemGroup>
    <ClCompile Include="src\Makena\Application.cpp">
      <Filter>Makena</Filter>
    </ClCompile>
    <ClCompile Include="src\Makena\ImGui\ImGuiLayer.cpp">
      <Filter>Makena\ImGui</Filter>
    </ClCompile>
    <ClCompile Include="src\Makena\Layer.cpp">
      <Filter>Makena</Filter>
    </ClCompile>
    <ClCompile Include="src\Makena\LayerStack.cpp">
      <Filter>Makena</Filter>
    </ClCompile>
    <ClCompile Include="src\Makena\Log.cpp">
      <Filter>Makena</Filter>
    </ClCompile>
    <ClCompile Include="src\Platform\OpenGL\ImGuiOpenGLRenderer.cpp">
      <Filter>Platform\OpenGL</Filter>
    </ClCompile>
    <ClCompile Include="src\Platform\Windows\WindowsWindow.cpp">
      <Filter>Platform\Windows</Filter>
    </ClCompile>
    <ClCompile Include="src\mknpch.cpp" />
    <ClCompile Include="src\Platform\Windows\WindowsInput.cpp" />
  </ItemGroup>
</Project>